
Microsoft Visual Studio Solution File, Format Version 12.00
# Visual Studio 14
VisualStudioVersion = 14.0.24720.0
MinimumVisualStudioVersion = 10.0.40219.1
Project("{2150E333-8FDC-42A3-9474-1A3956D46DE8}") = "Solution Items", "Solution Items", "{9A6B5450-6BFA-481E-9605-38208A16555D}"
	ProjectSection(SolutionItems) = preProject
		SolutionInfo.cs = SolutionInfo.cs
	EndProjectSection
EndProject
Project("{2150E333-8FDC-42A3-9474-1A3956D46DE8}") = "Data", "Data", "{A9BB614C-01F8-423D-84AD-ACFA6FA2614F}"
EndProject
Project("{2150E333-8FDC-42A3-9474-1A3956D46DE8}") = "Logic", "Logic", "{DCB65756-57A2-43AA-98EE-C603080CAC5A}"
EndProject
Project("{2150E333-8FDC-42A3-9474-1A3956D46DE8}") = "UI", "UI", "{F13AD225-2DBF-4EA0-86F8-FF70C3B9D541}"
EndProject
Project("{FAE04EC0-301F-11D3-BF4B-00C04F79EFBC}") = "Flea.UI.Web", "UI\Flea.UI.Web\Flea.UI.Web.csproj", "{7A702907-039C-48E3-86BF-E79B56A4F33E}"
EndProject
Project("{FAE04EC0-301F-11D3-BF4B-00C04F79EFBC}") = "Flea.UI.Console", "UI\Flea.UI.Console\Flea.UI.Console.csproj", "{B7BEF291-FDD2-473D-826F-EAE9A35BAC5A}"
EndProject
Project("{FAE04EC0-301F-11D3-BF4B-00C04F79EFBC}") = "Flea.UI.Service", "UI\Flea.UI.Service\Flea.UI.Service.csproj", "{BB926305-527A-4294-A388-BA9F0DA4719B}"
EndProject
Project("{FAE04EC0-301F-11D3-BF4B-00C04F79EFBC}") = "Flea.Logic.MonoTorrent", "Logic\Flea.Logic.MonoTorrent\Flea.Logic.MonoTorrent.csproj", "{411A9E0E-FDC6-4E25-828A-0C2CD1CD96F8}"
EndProject
Project("{FAE04EC0-301F-11D3-BF4B-00C04F79EFBC}") = "Flea.Logic.TorrentMakerUnit", "Logic\Flea.Logic.TorrentMakerUnit\Flea.Logic.TorrentMakerUnit.csproj", "{C1C735B1-2C19-4192-9DD6-63464D5DB999}"
EndProject
Project("{FAE04EC0-301F-11D3-BF4B-00C04F79EFBC}") = "Flee.UI.TorrentMakerTestHarness", "UI\TorrentMakerTestHarness\Flee.UI.TorrentMakerTestHarness.csproj", "{AE3E2D72-E6CE-4940-9A31-38B1FED398AF}"
EndProject
Project("{FAE04EC0-301F-11D3-BF4B-00C04F79EFBC}") = "Flea.Data.WebserviceCommunicator", "Data\Flea.Data.WebserviceCommunicator\Flea.Data.WebserviceCommunicator.csproj", "{00C3FC7F-C297-4FA5-AAAE-54152B832AC1}"
EndProject
Project("{FAE04EC0-301F-11D3-BF4B-00C04F79EFBC}") = "Flea.Logic.CommandUnit", "Logic\Flea.Logic.CommandUnit\Flea.Logic.CommandUnit.csproj", "{F95E5908-880A-49E0-8762-BB01760857EB}"
EndProject
Project("{FAE04EC0-301F-11D3-BF4B-00C04F79EFBC}") = "Flea.Logic.MainUnit", "Logic\Flea.Logic.MainUnit\Flea.Logic.MainUnit.csproj", "{9BF83D3C-4488-4F76-9100-0192D3582D3E}"
EndProject
Project("{FAE04EC0-301F-11D3-BF4B-00C04F79EFBC}") = "Flea.Logic.IrcConnectionUnit", "Logic\Flea.Logic.IrcConnectionUnit\Flea.Logic.IrcConnectionUnit.csproj", "{7EDEAC1E-F8FA-4E25-AA19-EC51AFC37EA5}"
EndProject
Project("{FAE04EC0-301F-11D3-BF4B-00C04F79EFBC}") = "Flea.Logic.IrcTranslationUnit", "Logic\Flea.Logic.IrcTranslationUnit\Flea.Logic.IrcTranslationUnit.csproj", "{E94E6EC8-4515-4D51-A7B9-7EE9BD1344B5}"
EndProject
Project("{FAE04EC0-301F-11D3-BF4B-00C04F79EFBC}") = "Flea.Logic.Utils", "Logic\Flea.Logic.Utils\Flea.Logic.Utils.csproj", "{D6B886B3-BEC0-4B4B-91C1-B507D4A75FF0}"
EndProject
Project("{FAE04EC0-301F-11D3-BF4B-00C04F79EFBC}") = "Flea.Data.DataObjects", "Data\Flea.Data.DataObjects\Flea.Data.DataObjects.csproj", "{A2A9FEDF-744C-43B2-AC12-C8C8C8191008}"
EndProject
Global
	GlobalSection(SolutionConfigurationPlatforms) = preSolution
		Debug|Any CPU = Debug|Any CPU
		Debug|Mixed Platforms = Debug|Mixed Platforms
		Debug|x86 = Debug|x86
		Release|Any CPU = Release|Any CPU
		Release|Mixed Platforms = Release|Mixed Platforms
		Release|x86 = Release|x86
		Stats|Any CPU = Stats|Any CPU
		Stats|Mixed Platforms = Stats|Mixed Platforms
		Stats|x86 = Stats|x86
	EndGlobalSection
	GlobalSection(ProjectConfigurationPlatforms) = postSolution
		{7A702907-039C-48E3-86BF-E79B56A4F33E}.Debug|Any CPU.ActiveCfg = Debug|Any CPU
		{7A702907-039C-48E3-86BF-E79B56A4F33E}.Debug|Any CPU.Build.0 = Debug|Any CPU
		{7A702907-039C-48E3-86BF-E79B56A4F33E}.Debug|Mixed Platforms.ActiveCfg = Debug|Any CPU
		{7A702907-039C-48E3-86BF-E79B56A4F33E}.Debug|Mixed Platforms.Build.0 = Debug|Any CPU
		{7A702907-039C-48E3-86BF-E79B56A4F33E}.Debug|x86.ActiveCfg = Debug|Any CPU
		{7A702907-039C-48E3-86BF-E79B56A4F33E}.Debug|x86.Build.0 = Debug|Any CPU
		{7A702907-039C-48E3-86BF-E79B56A4F33E}.Release|Any CPU.ActiveCfg = Release|Any CPU
		{7A702907-039C-48E3-86BF-E79B56A4F33E}.Release|Any CPU.Build.0 = Release|Any CPU
		{7A702907-039C-48E3-86BF-E79B56A4F33E}.Release|Mixed Platforms.ActiveCfg = Release|Any CPU
		{7A702907-039C-48E3-86BF-E79B56A4F33E}.Release|Mixed Platforms.Build.0 = Release|Any CPU
		{7A702907-039C-48E3-86BF-E79B56A4F33E}.Release|x86.ActiveCfg = Release|Any CPU
		{7A702907-039C-48E3-86BF-E79B56A4F33E}.Release|x86.Build.0 = Release|Any CPU
		{7A702907-039C-48E3-86BF-E79B56A4F33E}.Stats|Any CPU.ActiveCfg = Release|Any CPU
		{7A702907-039C-48E3-86BF-E79B56A4F33E}.Stats|Any CPU.Build.0 = Release|Any CPU
		{7A702907-039C-48E3-86BF-E79B56A4F33E}.Stats|Mixed Platforms.ActiveCfg = Release|Any CPU
		{7A702907-039C-48E3-86BF-E79B56A4F33E}.Stats|Mixed Platforms.Build.0 = Release|Any CPU
		{7A702907-039C-48E3-86BF-E79B56A4F33E}.Stats|x86.ActiveCfg = Release|Any CPU
		{7A702907-039C-48E3-86BF-E79B56A4F33E}.Stats|x86.Build.0 = Release|Any CPU
		{B7BEF291-FDD2-473D-826F-EAE9A35BAC5A}.Debug|Any CPU.ActiveCfg = Debug|Any CPU
		{B7BEF291-FDD2-473D-826F-EAE9A35BAC5A}.Debug|Any CPU.Build.0 = Debug|Any CPU
		{B7BEF291-FDD2-473D-826F-EAE9A35BAC5A}.Debug|Mixed Platforms.ActiveCfg = Debug|Any CPU
		{B7BEF291-FDD2-473D-826F-EAE9A35BAC5A}.Debug|Mixed Platforms.Build.0 = Debug|Any CPU
		{B7BEF291-FDD2-473D-826F-EAE9A35BAC5A}.Debug|x86.ActiveCfg = Debug|Any CPU
		{B7BEF291-FDD2-473D-826F-EAE9A35BAC5A}.Debug|x86.Build.0 = Debug|Any CPU
		{B7BEF291-FDD2-473D-826F-EAE9A35BAC5A}.Release|Any CPU.ActiveCfg = Release|Any CPU
		{B7BEF291-FDD2-473D-826F-EAE9A35BAC5A}.Release|Any CPU.Build.0 = Release|Any CPU
		{B7BEF291-FDD2-473D-826F-EAE9A35BAC5A}.Release|Mixed Platforms.ActiveCfg = Release|Any CPU
		{B7BEF291-FDD2-473D-826F-EAE9A35BAC5A}.Release|Mixed Platforms.Build.0 = Release|Any CPU
		{B7BEF291-FDD2-473D-826F-EAE9A35BAC5A}.Release|x86.ActiveCfg = Release|Any CPU
		{B7BEF291-FDD2-473D-826F-EAE9A35BAC5A}.Release|x86.Build.0 = Release|Any CPU
		{B7BEF291-FDD2-473D-826F-EAE9A35BAC5A}.Stats|Any CPU.ActiveCfg = Release|Any CPU
		{B7BEF291-FDD2-473D-826F-EAE9A35BAC5A}.Stats|Any CPU.Build.0 = Release|Any CPU
		{B7BEF291-FDD2-473D-826F-EAE9A35BAC5A}.Stats|Mixed Platforms.ActiveCfg = Release|Any CPU
		{B7BEF291-FDD2-473D-826F-EAE9A35BAC5A}.Stats|Mixed Platforms.Build.0 = Release|Any CPU
		{B7BEF291-FDD2-473D-826F-EAE9A35BAC5A}.Stats|x86.ActiveCfg = Release|Any CPU
		{B7BEF291-FDD2-473D-826F-EAE9A35BAC5A}.Stats|x86.Build.0 = Release|Any CPU
		{BB926305-527A-4294-A388-BA9F0DA4719B}.Debug|Any CPU.ActiveCfg = Debug|Any CPU
		{BB926305-527A-4294-A388-BA9F0DA4719B}.Debug|Any CPU.Build.0 = Debug|Any CPU
		{BB926305-527A-4294-A388-BA9F0DA4719B}.Debug|Mixed Platforms.ActiveCfg = Debug|Any CPU
		{BB926305-527A-4294-A388-BA9F0DA4719B}.Debug|Mixed Platforms.Build.0 = Debug|Any CPU
		{BB926305-527A-4294-A388-BA9F0DA4719B}.Debug|x86.ActiveCfg = Debug|Any CPU
		{BB926305-527A-4294-A388-BA9F0DA4719B}.Debug|x86.Build.0 = Debug|Any CPU
		{BB926305-527A-4294-A388-BA9F0DA4719B}.Release|Any CPU.ActiveCfg = Release|Any CPU
		{BB926305-527A-4294-A388-BA9F0DA4719B}.Release|Any CPU.Build.0 = Release|Any CPU
		{BB926305-527A-4294-A388-BA9F0DA4719B}.Release|Mixed Platforms.ActiveCfg = Release|Any CPU
		{BB926305-527A-4294-A388-BA9F0DA4719B}.Release|Mixed Platforms.Build.0 = Release|Any CPU
		{BB926305-527A-4294-A388-BA9F0DA4719B}.Release|x86.ActiveCfg = Release|Any CPU
		{BB926305-527A-4294-A388-BA9F0DA4719B}.Release|x86.Build.0 = Release|Any CPU
		{BB926305-527A-4294-A388-BA9F0DA4719B}.Stats|Any CPU.ActiveCfg = Release|Any CPU
		{BB926305-527A-4294-A388-BA9F0DA4719B}.Stats|Any CPU.Build.0 = Release|Any CPU
		{BB926305-527A-4294-A388-BA9F0DA4719B}.Stats|Mixed Platforms.ActiveCfg = Release|Any CPU
		{BB926305-527A-4294-A388-BA9F0DA4719B}.Stats|Mixed Platforms.Build.0 = Release|Any CPU
		{BB926305-527A-4294-A388-BA9F0DA4719B}.Stats|x86.ActiveCfg = Release|Any CPU
		{BB926305-527A-4294-A388-BA9F0DA4719B}.Stats|x86.Build.0 = Release|Any CPU
		{411A9E0E-FDC6-4E25-828A-0C2CD1CD96F8}.Debug|Any CPU.ActiveCfg = Debug|Any CPU
		{411A9E0E-FDC6-4E25-828A-0C2CD1CD96F8}.Debug|Any CPU.Build.0 = Debug|Any CPU
		{411A9E0E-FDC6-4E25-828A-0C2CD1CD96F8}.Debug|Mixed Platforms.ActiveCfg = Debug|Any CPU
		{411A9E0E-FDC6-4E25-828A-0C2CD1CD96F8}.Debug|Mixed Platforms.Build.0 = Debug|Any CPU
		{411A9E0E-FDC6-4E25-828A-0C2CD1CD96F8}.Debug|x86.ActiveCfg = Debug|Any CPU
		{411A9E0E-FDC6-4E25-828A-0C2CD1CD96F8}.Debug|x86.Build.0 = Debug|Any CPU
		{411A9E0E-FDC6-4E25-828A-0C2CD1CD96F8}.Release|Any CPU.ActiveCfg = Release|Any CPU
		{411A9E0E-FDC6-4E25-828A-0C2CD1CD96F8}.Release|Any CPU.Build.0 = Release|Any CPU
		{411A9E0E-FDC6-4E25-828A-0C2CD1CD96F8}.Release|Mixed Platforms.ActiveCfg = Release|Any CPU
		{411A9E0E-FDC6-4E25-828A-0C2CD1CD96F8}.Release|Mixed Platforms.Build.0 = Release|Any CPU
		{411A9E0E-FDC6-4E25-828A-0C2CD1CD96F8}.Release|x86.ActiveCfg = Release|Any CPU
		{411A9E0E-FDC6-4E25-828A-0C2CD1CD96F8}.Release|x86.Build.0 = Release|Any CPU
		{411A9E0E-FDC6-4E25-828A-0C2CD1CD96F8}.Stats|Any CPU.ActiveCfg = Stats|Any CPU
		{411A9E0E-FDC6-4E25-828A-0C2CD1CD96F8}.Stats|Any CPU.Build.0 = Stats|Any CPU
		{411A9E0E-FDC6-4E25-828A-0C2CD1CD96F8}.Stats|Mixed Platforms.ActiveCfg = Stats|Any CPU
		{411A9E0E-FDC6-4E25-828A-0C2CD1CD96F8}.Stats|Mixed Platforms.Build.0 = Stats|Any CPU
		{411A9E0E-FDC6-4E25-828A-0C2CD1CD96F8}.Stats|x86.ActiveCfg = Stats|Any CPU
		{411A9E0E-FDC6-4E25-828A-0C2CD1CD96F8}.Stats|x86.Build.0 = Stats|Any CPU
		{C1C735B1-2C19-4192-9DD6-63464D5DB999}.Debug|Any CPU.ActiveCfg = Debug|Any CPU
		{C1C735B1-2C19-4192-9DD6-63464D5DB999}.Debug|Any CPU.Build.0 = Debug|Any CPU
		{C1C735B1-2C19-4192-9DD6-63464D5DB999}.Debug|Mixed Platforms.ActiveCfg = Debug|Any CPU
		{C1C735B1-2C19-4192-9DD6-63464D5DB999}.Debug|Mixed Platforms.Build.0 = Debug|Any CPU
		{C1C735B1-2C19-4192-9DD6-63464D5DB999}.Debug|x86.ActiveCfg = Debug|Any CPU
		{C1C735B1-2C19-4192-9DD6-63464D5DB999}.Debug|x86.Build.0 = Debug|Any CPU
		{C1C735B1-2C19-4192-9DD6-63464D5DB999}.Release|Any CPU.ActiveCfg = Release|Any CPU
		{C1C735B1-2C19-4192-9DD6-63464D5DB999}.Release|Any CPU.Build.0 = Release|Any CPU
		{C1C735B1-2C19-4192-9DD6-63464D5DB999}.Release|Mixed Platforms.ActiveCfg = Release|Any CPU
		{C1C735B1-2C19-4192-9DD6-63464D5DB999}.Release|Mixed Platforms.Build.0 = Release|Any CPU
		{C1C735B1-2C19-4192-9DD6-63464D5DB999}.Release|x86.ActiveCfg = Release|Any CPU
		{C1C735B1-2C19-4192-9DD6-63464D5DB999}.Release|x86.Build.0 = Release|Any CPU
		{C1C735B1-2C19-4192-9DD6-63464D5DB999}.Stats|Any CPU.ActiveCfg = Release|Any CPU
		{C1C735B1-2C19-4192-9DD6-63464D5DB999}.Stats|Any CPU.Build.0 = Release|Any CPU
		{C1C735B1-2C19-4192-9DD6-63464D5DB999}.Stats|Mixed Platforms.ActiveCfg = Release|Any CPU
		{C1C735B1-2C19-4192-9DD6-63464D5DB999}.Stats|Mixed Platforms.Build.0 = Release|Any CPU
		{C1C735B1-2C19-4192-9DD6-63464D5DB999}.Stats|x86.ActiveCfg = Release|Any CPU
		{C1C735B1-2C19-4192-9DD6-63464D5DB999}.Stats|x86.Build.0 = Release|Any CPU
		{AE3E2D72-E6CE-4940-9A31-38B1FED398AF}.Debug|Any CPU.ActiveCfg = Debug|Any CPU
		{AE3E2D72-E6CE-4940-9A31-38B1FED398AF}.Debug|Any CPU.Build.0 = Debug|Any CPU
		{AE3E2D72-E6CE-4940-9A31-38B1FED398AF}.Debug|Mixed Platforms.ActiveCfg = Debug|Any CPU
		{AE3E2D72-E6CE-4940-9A31-38B1FED398AF}.Debug|Mixed Platforms.Build.0 = Debug|Any CPU
		{AE3E2D72-E6CE-4940-9A31-38B1FED398AF}.Debug|x86.ActiveCfg = Debug|Any CPU
		{AE3E2D72-E6CE-4940-9A31-38B1FED398AF}.Debug|x86.Build.0 = Debug|Any CPU
		{AE3E2D72-E6CE-4940-9A31-38B1FED398AF}.Release|Any CPU.ActiveCfg = Release|Any CPU
		{AE3E2D72-E6CE-4940-9A31-38B1FED398AF}.Release|Any CPU.Build.0 = Release|Any CPU
		{AE3E2D72-E6CE-4940-9A31-38B1FED398AF}.Release|Mixed Platforms.ActiveCfg = Release|Any CPU
		{AE3E2D72-E6CE-4940-9A31-38B1FED398AF}.Release|Mixed Platforms.Build.0 = Release|Any CPU
		{AE3E2D72-E6CE-4940-9A31-38B1FED398AF}.Release|x86.ActiveCfg = Release|Any CPU
		{AE3E2D72-E6CE-4940-9A31-38B1FED398AF}.Release|x86.Build.0 = Release|Any CPU
		{AE3E2D72-E6CE-4940-9A31-38B1FED398AF}.Stats|Any CPU.ActiveCfg = Release|Any CPU
		{AE3E2D72-E6CE-4940-9A31-38B1FED398AF}.Stats|Any CPU.Build.0 = Release|Any CPU
		{AE3E2D72-E6CE-4940-9A31-38B1FED398AF}.Stats|Mixed Platforms.ActiveCfg = Release|Any CPU
		{AE3E2D72-E6CE-4940-9A31-38B1FED398AF}.Stats|Mixed Platforms.Build.0 = Release|Any CPU
		{AE3E2D72-E6CE-4940-9A31-38B1FED398AF}.Stats|x86.ActiveCfg = Release|Any CPU
		{AE3E2D72-E6CE-4940-9A31-38B1FED398AF}.Stats|x86.Build.0 = Release|Any CPU
		{00C3FC7F-C297-4FA5-AAAE-54152B832AC1}.Debug|Any CPU.ActiveCfg = Debug|Any CPU
		{00C3FC7F-C297-4FA5-AAAE-54152B832AC1}.Debug|Any CPU.Build.0 = Debug|Any CPU
		{00C3FC7F-C297-4FA5-AAAE-54152B832AC1}.Debug|Mixed Platforms.ActiveCfg = Debug|Any CPU
		{00C3FC7F-C297-4FA5-AAAE-54152B832AC1}.Debug|Mixed Platforms.Build.0 = Debug|Any CPU
		{00C3FC7F-C297-4FA5-AAAE-54152B832AC1}.Debug|x86.ActiveCfg = Debug|Any CPU
		{00C3FC7F-C297-4FA5-AAAE-54152B832AC1}.Debug|x86.Build.0 = Debug|Any CPU
		{00C3FC7F-C297-4FA5-AAAE-54152B832AC1}.Release|Any CPU.ActiveCfg = Release|Any CPU
		{00C3FC7F-C297-4FA5-AAAE-54152B832AC1}.Release|Any CPU.Build.0 = Release|Any CPU
		{00C3FC7F-C297-4FA5-AAAE-54152B832AC1}.Release|Mixed Platforms.ActiveCfg = Release|Any CPU
		{00C3FC7F-C297-4FA5-AAAE-54152B832AC1}.Release|Mixed Platforms.Build.0 = Release|Any CPU
		{00C3FC7F-C297-4FA5-AAAE-54152B832AC1}.Release|x86.ActiveCfg = Release|Any CPU
		{00C3FC7F-C297-4FA5-AAAE-54152B832AC1}.Release|x86.Build.0 = Release|Any CPU
		{00C3FC7F-C297-4FA5-AAAE-54152B832AC1}.Stats|Any CPU.ActiveCfg = Release|Any CPU
		{00C3FC7F-C297-4FA5-AAAE-54152B832AC1}.Stats|Any CPU.Build.0 = Release|Any CPU
		{00C3FC7F-C297-4FA5-AAAE-54152B832AC1}.Stats|Mixed Platforms.ActiveCfg = Release|Any CPU
		{00C3FC7F-C297-4FA5-AAAE-54152B832AC1}.Stats|Mixed Platforms.Build.0 = Release|Any CPU
		{00C3FC7F-C297-4FA5-AAAE-54152B832AC1}.Stats|x86.ActiveCfg = Release|Any CPU
		{00C3FC7F-C297-4FA5-AAAE-54152B832AC1}.Stats|x86.Build.0 = Release|Any CPU
		{F95E5908-880A-49E0-8762-BB01760857EB}.Debug|Any CPU.ActiveCfg = Debug|Any CPU
		{F95E5908-880A-49E0-8762-BB01760857EB}.Debug|Any CPU.Build.0 = Debug|Any CPU
		{F95E5908-880A-49E0-8762-BB01760857EB}.Debug|Mixed Platforms.ActiveCfg = Debug|Any CPU
		{F95E5908-880A-49E0-8762-BB01760857EB}.Debug|Mixed Platforms.Build.0 = Debug|Any CPU
		{F95E5908-880A-49E0-8762-BB01760857EB}.Debug|x86.ActiveCfg = Debug|Any CPU
		{F95E5908-880A-49E0-8762-BB01760857EB}.Debug|x86.Build.0 = Debug|Any CPU
		{F95E5908-880A-49E0-8762-BB01760857EB}.Release|Any CPU.ActiveCfg = Release|Any CPU
		{F95E5908-880A-49E0-8762-BB01760857EB}.Release|Any CPU.Build.0 = Release|Any CPU
		{F95E5908-880A-49E0-8762-BB01760857EB}.Release|Mixed Platforms.ActiveCfg = Release|Any CPU
		{F95E5908-880A-49E0-8762-BB01760857EB}.Release|Mixed Platforms.Build.0 = Release|Any CPU
		{F95E5908-880A-49E0-8762-BB01760857EB}.Release|x86.ActiveCfg = Release|Any CPU
		{F95E5908-880A-49E0-8762-BB01760857EB}.Release|x86.Build.0 = Release|Any CPU
		{F95E5908-880A-49E0-8762-BB01760857EB}.Stats|Any CPU.ActiveCfg = Release|Any CPU
		{F95E5908-880A-49E0-8762-BB01760857EB}.Stats|Any CPU.Build.0 = Release|Any CPU
		{F95E5908-880A-49E0-8762-BB01760857EB}.Stats|Mixed Platforms.ActiveCfg = Release|Any CPU
		{F95E5908-880A-49E0-8762-BB01760857EB}.Stats|Mixed Platforms.Build.0 = Release|Any CPU
		{F95E5908-880A-49E0-8762-BB01760857EB}.Stats|x86.ActiveCfg = Release|Any CPU
		{F95E5908-880A-49E0-8762-BB01760857EB}.Stats|x86.Build.0 = Release|Any CPU
		{9BF83D3C-4488-4F76-9100-0192D3582D3E}.Debug|Any CPU.ActiveCfg = Debug|Any CPU
		{9BF83D3C-4488-4F76-9100-0192D3582D3E}.Debug|Any CPU.Build.0 = Debug|Any CPU
		{9BF83D3C-4488-4F76-9100-0192D3582D3E}.Debug|Mixed Platforms.ActiveCfg = Debug|Any CPU
		{9BF83D3C-4488-4F76-9100-0192D3582D3E}.Debug|Mixed Platforms.Build.0 = Debug|Any CPU
		{9BF83D3C-4488-4F76-9100-0192D3582D3E}.Debug|x86.ActiveCfg = Debug|Any CPU
		{9BF83D3C-4488-4F76-9100-0192D3582D3E}.Debug|x86.Build.0 = Debug|Any CPU
		{9BF83D3C-4488-4F76-9100-0192D3582D3E}.Release|Any CPU.ActiveCfg = Release|Any CPU
		{9BF83D3C-4488-4F76-9100-0192D3582D3E}.Release|Any CPU.Build.0 = Release|Any CPU
		{9BF83D3C-4488-4F76-9100-0192D3582D3E}.Release|Mixed Platforms.ActiveCfg = Release|Any CPU
		{9BF83D3C-4488-4F76-9100-0192D3582D3E}.Release|Mixed Platforms.Build.0 = Release|Any CPU
		{9BF83D3C-4488-4F76-9100-0192D3582D3E}.Release|x86.ActiveCfg = Release|Any CPU
		{9BF83D3C-4488-4F76-9100-0192D3582D3E}.Release|x86.Build.0 = Release|Any CPU
		{9BF83D3C-4488-4F76-9100-0192D3582D3E}.Stats|Any CPU.ActiveCfg = Release|Any CPU
		{9BF83D3C-4488-4F76-9100-0192D3582D3E}.Stats|Any CPU.Build.0 = Release|Any CPU
		{9BF83D3C-4488-4F76-9100-0192D3582D3E}.Stats|Mixed Platforms.ActiveCfg = Release|Any CPU
		{9BF83D3C-4488-4F76-9100-0192D3582D3E}.Stats|Mixed Platforms.Build.0 = Release|Any CPU
		{9BF83D3C-4488-4F76-9100-0192D3582D3E}.Stats|x86.ActiveCfg = Release|Any CPU
		{9BF83D3C-4488-4F76-9100-0192D3582D3E}.Stats|x86.Build.0 = Release|Any CPU
		{7EDEAC1E-F8FA-4E25-AA19-EC51AFC37EA5}.Debug|Any CPU.ActiveCfg = Debug|Any CPU
		{7EDEAC1E-F8FA-4E25-AA19-EC51AFC37EA5}.Debug|Any CPU.Build.0 = Debug|Any CPU
		{7EDEAC1E-F8FA-4E25-AA19-EC51AFC37EA5}.Debug|Mixed Platforms.ActiveCfg = Debug|Any CPU
		{7EDEAC1E-F8FA-4E25-AA19-EC51AFC37EA5}.Debug|Mixed Platforms.Build.0 = Debug|Any CPU
		{7EDEAC1E-F8FA-4E25-AA19-EC51AFC37EA5}.Debug|x86.ActiveCfg = Debug|Any CPU
		{7EDEAC1E-F8FA-4E25-AA19-EC51AFC37EA5}.Debug|x86.Build.0 = Debug|Any CPU
		{7EDEAC1E-F8FA-4E25-AA19-EC51AFC37EA5}.Release|Any CPU.ActiveCfg = Release|Any CPU
		{7EDEAC1E-F8FA-4E25-AA19-EC51AFC37EA5}.Release|Any CPU.Build.0 = Release|Any CPU
		{7EDEAC1E-F8FA-4E25-AA19-EC51AFC37EA5}.Release|Mixed Platforms.ActiveCfg = Release|Any CPU
		{7EDEAC1E-F8FA-4E25-AA19-EC51AFC37EA5}.Release|Mixed Platforms.Build.0 = Release|Any CPU
		{7EDEAC1E-F8FA-4E25-AA19-EC51AFC37EA5}.Release|x86.ActiveCfg = Release|Any CPU
		{7EDEAC1E-F8FA-4E25-AA19-EC51AFC37EA5}.Release|x86.Build.0 = Release|Any CPU
		{7EDEAC1E-F8FA-4E25-AA19-EC51AFC37EA5}.Stats|Any CPU.ActiveCfg = Release|Any CPU
		{7EDEAC1E-F8FA-4E25-AA19-EC51AFC37EA5}.Stats|Any CPU.Build.0 = Release|Any CPU
		{7EDEAC1E-F8FA-4E25-AA19-EC51AFC37EA5}.Stats|Mixed Platforms.ActiveCfg = Release|Any CPU
		{7EDEAC1E-F8FA-4E25-AA19-EC51AFC37EA5}.Stats|Mixed Platforms.Build.0 = Release|Any CPU
		{7EDEAC1E-F8FA-4E25-AA19-EC51AFC37EA5}.Stats|x86.ActiveCfg = Release|Any CPU
		{7EDEAC1E-F8FA-4E25-AA19-EC51AFC37EA5}.Stats|x86.Build.0 = Release|Any CPU
		{E94E6EC8-4515-4D51-A7B9-7EE9BD1344B5}.Debug|Any CPU.ActiveCfg = Debug|Any CPU
		{E94E6EC8-4515-4D51-A7B9-7EE9BD1344B5}.Debug|Any CPU.Build.0 = Debug|Any CPU
		{E94E6EC8-4515-4D51-A7B9-7EE9BD1344B5}.Debug|Mixed Platforms.ActiveCfg = Debug|Any CPU
		{E94E6EC8-4515-4D51-A7B9-7EE9BD1344B5}.Debug|Mixed Platforms.Build.0 = Debug|Any CPU
		{E94E6EC8-4515-4D51-A7B9-7EE9BD1344B5}.Debug|x86.ActiveCfg = Debug|Any CPU
		{E94E6EC8-4515-4D51-A7B9-7EE9BD1344B5}.Debug|x86.Build.0 = Debug|Any CPU
		{E94E6EC8-4515-4D51-A7B9-7EE9BD1344B5}.Release|Any CPU.ActiveCfg = Release|Any CPU
		{E94E6EC8-4515-4D51-A7B9-7EE9BD1344B5}.Release|Any CPU.Build.0 = Release|Any CPU
		{E94E6EC8-4515-4D51-A7B9-7EE9BD1344B5}.Release|Mixed Platforms.ActiveCfg = Release|Any CPU
		{E94E6EC8-4515-4D51-A7B9-7EE9BD1344B5}.Release|Mixed Platforms.Build.0 = Release|Any CPU
		{E94E6EC8-4515-4D51-A7B9-7EE9BD1344B5}.Release|x86.ActiveCfg = Release|Any CPU
		{E94E6EC8-4515-4D51-A7B9-7EE9BD1344B5}.Release|x86.Build.0 = Release|Any CPU
		{E94E6EC8-4515-4D51-A7B9-7EE9BD1344B5}.Stats|Any CPU.ActiveCfg = Release|Any CPU
		{E94E6EC8-4515-4D51-A7B9-7EE9BD1344B5}.Stats|Any CPU.Build.0 = Release|Any CPU
		{E94E6EC8-4515-4D51-A7B9-7EE9BD1344B5}.Stats|Mixed Platforms.ActiveCfg = Release|Any CPU
		{E94E6EC8-4515-4D51-A7B9-7EE9BD1344B5}.Stats|Mixed Platforms.Build.0 = Release|Any CPU
		{E94E6EC8-4515-4D51-A7B9-7EE9BD1344B5}.Stats|x86.ActiveCfg = Release|Any CPU
		{E94E6EC8-4515-4D51-A7B9-7EE9BD1344B5}.Stats|x86.Build.0 = Release|Any CPU
		{D6B886B3-BEC0-4B4B-91C1-B507D4A75FF0}.Debug|Any CPU.ActiveCfg = Debug|Any CPU
		{D6B886B3-BEC0-4B4B-91C1-B507D4A75FF0}.Debug|Any CPU.Build.0 = Debug|Any CPU
		{D6B886B3-BEC0-4B4B-91C1-B507D4A75FF0}.Debug|Mixed Platforms.ActiveCfg = Debug|Any CPU
		{D6B886B3-BEC0-4B4B-91C1-B507D4A75FF0}.Debug|Mixed Platforms.Build.0 = Debug|Any CPU
		{D6B886B3-BEC0-4B4B-91C1-B507D4A75FF0}.Debug|x86.ActiveCfg = Debug|Any CPU
		{D6B886B3-BEC0-4B4B-91C1-B507D4A75FF0}.Debug|x86.Build.0 = Debug|Any CPU
		{D6B886B3-BEC0-4B4B-91C1-B507D4A75FF0}.Release|Any CPU.ActiveCfg = Release|Any CPU
		{D6B886B3-BEC0-4B4B-91C1-B507D4A75FF0}.Release|Any CPU.Build.0 = Release|Any CPU
		{D6B886B3-BEC0-4B4B-91C1-B507D4A75FF0}.Release|Mixed Platforms.ActiveCfg = Release|Any CPU
		{D6B886B3-BEC0-4B4B-91C1-B507D4A75FF0}.Release|Mixed Platforms.Build.0 = Release|Any CPU
		{D6B886B3-BEC0-4B4B-91C1-B507D4A75FF0}.Release|x86.ActiveCfg = Release|Any CPU
		{D6B886B3-BEC0-4B4B-91C1-B507D4A75FF0}.Release|x86.Build.0 = Release|Any CPU
		{D6B886B3-BEC0-4B4B-91C1-B507D4A75FF0}.Stats|Any CPU.ActiveCfg = Release|Any CPU
		{D6B886B3-BEC0-4B4B-91C1-B507D4A75FF0}.Stats|Any CPU.Build.0 = Release|Any CPU
		{D6B886B3-BEC0-4B4B-91C1-B507D4A75FF0}.Stats|Mixed Platforms.ActiveCfg = Release|Any CPU
		{D6B886B3-BEC0-4B4B-91C1-B507D4A75FF0}.Stats|Mixed Platforms.Build.0 = Release|Any CPU
		{D6B886B3-BEC0-4B4B-91C1-B507D4A75FF0}.Stats|x86.ActiveCfg = Release|Any CPU
		{D6B886B3-BEC0-4B4B-91C1-B507D4A75FF0}.Stats|x86.Build.0 = Release|Any CPU
		{A2A9FEDF-744C-43B2-AC12-C8C8C8191008}.Debug|Any CPU.ActiveCfg = Debug|Any CPU
		{A2A9FEDF-744C-43B2-AC12-C8C8C8191008}.Debug|Any CPU.Build.0 = Debug|Any CPU
		{A2A9FEDF-744C-43B2-AC12-C8C8C8191008}.Debug|Mixed Platforms.ActiveCfg = Debug|Any CPU
		{A2A9FEDF-744C-43B2-AC12-C8C8C8191008}.Debug|Mixed Platforms.Build.0 = Debug|Any CPU
		{A2A9FEDF-744C-43B2-AC12-C8C8C8191008}.Debug|x86.ActiveCfg = Debug|Any CPU
		{A2A9FEDF-744C-43B2-AC12-C8C8C8191008}.Debug|x86.Build.0 = Debug|Any CPU
		{A2A9FEDF-744C-43B2-AC12-C8C8C8191008}.Release|Any CPU.ActiveCfg = Release|Any CPU
		{A2A9FEDF-744C-43B2-AC12-C8C8C8191008}.Release|Any CPU.Build.0 = Release|Any CPU
		{A2A9FEDF-744C-43B2-AC12-C8C8C8191008}.Release|Mixed Platforms.ActiveCfg = Release|Any CPU
		{A2A9FEDF-744C-43B2-AC12-C8C8C8191008}.Release|Mixed Platforms.Build.0 = Release|Any CPU
		{A2A9FEDF-744C-43B2-AC12-C8C8C8191008}.Release|x86.ActiveCfg = Release|Any CPU
		{A2A9FEDF-744C-43B2-AC12-C8C8C8191008}.Release|x86.Build.0 = Release|Any CPU
		{A2A9FEDF-744C-43B2-AC12-C8C8C8191008}.Stats|Any CPU.ActiveCfg = Release|Any CPU
		{A2A9FEDF-744C-43B2-AC12-C8C8C8191008}.Stats|Any CPU.Build.0 = Release|Any CPU
		{A2A9FEDF-744C-43B2-AC12-C8C8C8191008}.Stats|Mixed Platforms.ActiveCfg = Release|Any CPU
		{A2A9FEDF-744C-43B2-AC12-C8C8C8191008}.Stats|Mixed Platforms.Build.0 = Release|Any CPU
		{A2A9FEDF-744C-43B2-AC12-C8C8C8191008}.Stats|x86.ActiveCfg = Release|Any CPU
		{A2A9FEDF-744C-43B2-AC12-C8C8C8191008}.Stats|x86.Build.0 = Release|Any CPU
	EndGlobalSection
	GlobalSection(SolutionProperties) = preSolution
		HideSolutionNode = FALSE
	EndGlobalSection
	GlobalSection(NestedProjects) = preSolution
		{7A702907-039C-48E3-86BF-E79B56A4F33E} = {F13AD225-2DBF-4EA0-86F8-FF70C3B9D541}
		{B7BEF291-FDD2-473D-826F-EAE9A35BAC5A} = {F13AD225-2DBF-4EA0-86F8-FF70C3B9D541}
		{BB926305-527A-4294-A388-BA9F0DA4719B} = {F13AD225-2DBF-4EA0-86F8-FF70C3B9D541}
		{411A9E0E-FDC6-4E25-828A-0C2CD1CD96F8} = {DCB65756-57A2-43AA-98EE-C603080CAC5A}
		{C1C735B1-2C19-4192-9DD6-63464D5DB999} = {DCB65756-57A2-43AA-98EE-C603080CAC5A}
		{AE3E2D72-E6CE-4940-9A31-38B1FED398AF} = {F13AD225-2DBF-4EA0-86F8-FF70C3B9D541}
		{00C3FC7F-C297-4FA5-AAAE-54152B832AC1} = {A9BB614C-01F8-423D-84AD-ACFA6FA2614F}
		{F95E5908-880A-49E0-8762-BB01760857EB} = {DCB65756-57A2-43AA-98EE-C603080CAC5A}
		{9BF83D3C-4488-4F76-9100-0192D3582D3E} = {DCB65756-57A2-43AA-98EE-C603080CAC5A}
		{7EDEAC1E-F8FA-4E25-AA19-EC51AFC37EA5} = {DCB65756-57A2-43AA-98EE-C603080CAC5A}
		{E94E6EC8-4515-4D51-A7B9-7EE9BD1344B5} = {DCB65756-57A2-43AA-98EE-C603080CAC5A}
		{D6B886B3-BEC0-4B4B-91C1-B507D4A75FF0} = {DCB65756-57A2-43AA-98EE-C603080CAC5A}
		{A2A9FEDF-744C-43B2-AC12-C8C8C8191008} = {A9BB614C-01F8-423D-84AD-ACFA6FA2614F}
	EndGlobalSection
	GlobalSection(ExtensibilityGlobals) = postSolution
		ConfigurationFilter = 
		AssemblyInfoFilePath = 
		UpdateAssemblyVersion = False
		UpdateAssemblyFileVersion = False
		UpdateAssemblyInfoVersion = False
		AssemblyVersionSettings = 
		AssemblyFileVersionSettings = 
		AssemblyInfoVersionSettings = 
	EndGlobalSection
EndGlobal
